
Microsoft Visual Studio Solution File, Format Version 12.00
# Visual Studio Version 17
VisualStudioVersion = 17.5.002.0
MinimumVisualStudioVersion = 10.0.40219.1
Project("{9A19103F-16F7-4668-BE54-9A1E7A4F7556}") = "NewApp", "NewApp.csproj", "{B7CDB995-04A7-4F0D-A49A-3F63D5B34ED7}"
EndProject
Global
	GlobalSection(SolutionConfigurationPlatforms) = preSolution
		Debug|Any CPU = Debug|Any CPU
		Release|Any CPU = Release|Any CPU
	EndGlobalSection
	GlobalSection(ProjectConfigurationPlatforms) = postSolution
		{B7CDB995-04A7-4F0D-A49A-3F63D5B34ED7}.Debug|Any CPU.ActiveCfg = Debug|Any CPU
		{B7CDB995-04A7-4F0D-A49A-3F63D5B34ED7}.Debug|Any CPU.Build.0 = Debug|Any CPU
		{B7CDB995-04A7-4F0D-A49A-3F63D5B34ED7}.Release|Any CPU.ActiveCfg = Release|Any CPU
		{B7CDB995-04A7-4F0D-A49A-3F63D5B34ED7}.Release|Any CPU.Build.0 = Release|Any CPU
	EndGlobalSection
	GlobalSection(SolutionProperties) = preSolution
		HideSolutionNode = FALSE
	EndGlobalSection
	GlobalSection(ExtensibilityGlobals) = postSolution
		SolutionGuid = {98740838-4047-4E80-A601-7F977C9F52D2}
	EndGlobalSection
EndGlobal
